
Microsoft Visual Studio Solution File, Format Version 12.00
# Visual Studio Version 17
VisualStudioVersion = 17.14.36401.2 d17.14
MinimumVisualStudioVersion = 10.0.40219.1
Project("{FAE04EC0-301F-11D3-BF4B-00C04F79EFBC}") = "NewData", "NewData\NewData.csproj", "{430D4E6C-8B8A-4DD5-AE56-77D9F30C0FDF}"
EndProject
Global
	GlobalSection(SolutionConfigurationPlatforms) = preSolution
		Debug|Any CPU = Debug|Any CPU
		Release|Any CPU = Release|Any CPU
	EndGlobalSection
	GlobalSection(ProjectConfigurationPlatforms) = postSolution
		{430D4E6C-8B8A-4DD5-AE56-77D9F30C0FDF}.Debug|Any CPU.ActiveCfg = Debug|Any CPU
		{430D4E6C-8B8A-4DD5-AE56-77D9F30C0FDF}.Debug|Any CPU.Build.0 = Debug|Any CPU
		{430D4E6C-8B8A-4DD5-AE56-77D9F30C0FDF}.Release|Any CPU.ActiveCfg = Release|Any CPU
		{430D4E6C-8B8A-4DD5-AE56-77D9F30C0FDF}.Release|Any CPU.Build.0 = Release|Any CPU
	EndGlobalSection
	GlobalSection(SolutionProperties) = preSolution
		HideSolutionNode = FALSE
	EndGlobalSection
	GlobalSection(ExtensibilityGlobals) = postSolution
		SolutionGuid = {FE61D523-B6DA-4585-8D4B-704A60B9224D}
	EndGlobalSection
EndGlobal
